namespace LabProject;

internal static class Program
{
    public static void Main(string[] args)
    {
        Console.WriteLine("Введите длину массива: ");
        var length = Console.ReadLine();
        Console.WriteLine("Введите первый элемент массива: ");
        var first = Console.ReadLine();
        Console.WriteLine("Введите значение шага элементов массива: ");
        var step = Console.ReadLine();
        if (!int.TryParse(length, out var arrLength) ||
            !int.TryParse(first, out var firstElement) ||
            !int.TryParse(step, out var elementIncrement))
        {
            Console.WriteLine("Введены неверные значения");
            return;
        }
        var array = GetArray(arrLength, firstElement, elementIncrement);
        var average = CalculateAverageWithFor(array);
        Console.WriteLine($"Среднее арифметическое массива длиной {arrLength}, первым элементом {firstElement} и шагом значений {elementIncrement} равно {average}");
    }
    private static int[] GetArray(int arrLength, int firstElement, int elementIncrement)
    {
        var array = new int[arrLength];
        for (int i = 0; i < arrLength; i++)
        {
            array[i] = firstElement;
            firstElement += elementIncrement;
        }
        return array;
    }
    private static double CalculateAverageWithFor(int[] array)
    {
        var average = 0;
        if (array.Length == 0) return average;
        var sum = 0;
        for (int i = 0; i < array.Length; i++)
        {
            sum += array[i];
        }
        average = sum / array.Length;
        return average;
    }
    private static double CalculateAverageWithLinq(int[] array)
    {
        var average = array.Average();
        return average;
    }
}
